<?xml version="1.0" encoding="utf-8"?>
<Project ToolsVersion="4.0" xmlns="http://schemas.microsoft.com/developer/msbuild/2003">
  <ItemGroup>
    <Filter Include="Source Files">
      <UniqueIdentifier>{4FC737F1-C7A5-4376-A066-2A32D752A2FF}</UniqueIdentifier>
      <Extensions>cpp;c;cc;cxx;def;odl;idl;hpj;bat;asm;asmx</Extensions>
    </Filter>
    <Filter Include="Header Files">
      <UniqueIdentifier>{93995380-89BD-4b04-88EB-625FBE52EBFB}</UniqueIdentifier>
      <Extensions>h;hpp;hxx;hm;inl;inc;xsd</Extensions>
    </Filter>
    <Filter Include="Resource Files">
      <UniqueIdentifier>{67DA6AB6-F800-4c08-8B7A-83BB121AAD01}</UniqueIdentifier>
      <Extensions>rc;ico;cur;bmp;dlg;rc2;rct;bin;rgs;gif;jpg;jpeg;jpe;resx;tiff;tif;png;wav;mfcribbon-ms</Extensions>
    </Filter>
    <Filter Include="Driver Files">
      <UniqueIdentifier>{8E41214B-6785-4CFE-B992-037D68949A14}</UniqueIdentifier>
      <Extensions>inf;inv;inx;mof;mc;</Extensions>
    </Filter>
  </ItemGroup>
  <ItemGroup>
    <ClCompile Include="Callbacks\ShDrvCallbacks.cpp">
      <Filter>Source Files</Filter>
    </ClCompile>
    <ClCompile Include="Core\ShDrvCore.cpp">
      <Filter>Source Files</Filter>
    </ClCompile>
    <ClCompile Include="Interface\ShDrvInterface.cpp">
      <Filter>Source Files</Filter>
    </ClCompile>
    <ClCompile Include="Memory\ShDrvMemory.cpp">
      <Filter>Source Files</Filter>
    </ClCompile>
    <ClCompile Include="Memory\ShDrvMemoryScanner.cpp">
      <Filter>Source Files</Filter>
    </ClCompile>
    <ClCompile Include="MiniFilter\ShDrvMiniFilter.cpp">
      <Filter>Source Files</Filter>
    </ClCompile>
    <ClCompile Include="Pe\ShDrvPe.cpp">
      <Filter>Source Files</Filter>
    </ClCompile>
    <ClCompile Include="PoolManager\ShDrvPoolManager.cpp">
      <Filter>Source Files</Filter>
    </ClCompile>
    <ClCompile Include="Process\ShDrvProcess.cpp">
      <Filter>Source Files</Filter>
    </ClCompile>
    <ClCompile Include="Socket\ShDrvSocket.cpp">
      <Filter>Source Files</Filter>
    </ClCompile>
    <ClCompile Include="Thread\ShDrvThread.cpp">
      <Filter>Source Files</Filter>
    </ClCompile>
    <ClCompile Include="Util\ShDrvUtil.cpp">
      <Filter>Source Files</Filter>
    </ClCompile>
    <ClCompile Include="ShDrvHelper.cpp">
      <Filter>Source Files</Filter>
    </ClCompile>
    <ClCompile Include="Core\ShDrvHook.cpp">
      <Filter>Source Files</Filter>
    </ClCompile>
  </ItemGroup>
  <ItemGroup>
    <ClInclude Include="Callbacks\ShDrvCallbacks.h">
      <Filter>Header Files</Filter>
    </ClInclude>
    <ClInclude Include="Core\ShDrvCore.h">
      <Filter>Header Files</Filter>
    </ClInclude>
    <ClInclude Include="Enum\ShDrvEnum.h">
      <Filter>Header Files</Filter>
    </ClInclude>
    <ClInclude Include="Enum\ShDrvUndocEnum.h">
      <Filter>Header Files</Filter>
    </ClInclude>
    <ClInclude Include="Interface\ShDrvInterface.h">
      <Filter>Header Files</Filter>
    </ClInclude>
    <ClInclude Include="Memory\ShDrvMemory.h">
      <Filter>Header Files</Filter>
    </ClInclude>
    <ClInclude Include="Memory\ShDrvMemoryScanner.h">
      <Filter>Header Files</Filter>
    </ClInclude>
    <ClInclude Include="MiniFilter\ShDrvMiniFilter.h">
      <Filter>Header Files</Filter>
    </ClInclude>
    <ClInclude Include="Pe\ShDrvPe.h">
      <Filter>Header Files</Filter>
    </ClInclude>
    <ClInclude Include="PoolManager\ShDrvPoolManager.h">
      <Filter>Header Files</Filter>
    </ClInclude>
    <ClInclude Include="Process\ShDrvProcess.h">
      <Filter>Header Files</Filter>
    </ClInclude>
    <ClInclude Include="Socket\ShDrvSocket.h">
      <Filter>Header Files</Filter>
    </ClInclude>
    <ClInclude Include="Struct\ShDrvFuncDef.h">
      <Filter>Header Files</Filter>
    </ClInclude>
    <ClInclude Include="Struct\ShDrvIntel.h">
      <Filter>Header Files</Filter>
    </ClInclude>
    <ClInclude Include="Struct\ShDrvStruct.h">
      <Filter>Header Files</Filter>
    </ClInclude>
    <ClInclude Include="Struct\ShDrvUndocStruct.h">
      <Filter>Header Files</Filter>
    </ClInclude>
    <ClInclude Include="Thread\ShDrvThread.h">
      <Filter>Header Files</Filter>
    </ClInclude>
    <ClInclude Include="Util\ShDrvUtil.h">
      <Filter>Header Files</Filter>
    </ClInclude>
    <ClInclude Include="ShDrvHelper.h">
      <Filter>Header Files</Filter>
    </ClInclude>
    <ClInclude Include="ShDrvInc.h">
      <Filter>Header Files</Filter>
    </ClInclude>
    <ClInclude Include="Core\ShDrvHook.h">
      <Filter>Header Files</Filter>
    </ClInclude>
  </ItemGroup>
</Project>